
Microsoft Visual Studio Solution File, Format Version 12.00
Project("{FAE04EC0-301F-11D3-BF4B-00C04F79EFBC}") = "GodofDrakes.CommandPalette.Reactive", "GodofDrakes.CommandPalette.Reactive\GodofDrakes.CommandPalette.Reactive.csproj", "{3918FAA4-A933-467A-A4CC-F0CF6B66B0BB}"
EndProject
Global
	GlobalSection(SolutionConfigurationPlatforms) = preSolution
		Debug|Any CPU = Debug|Any CPU
		Release|Any CPU = Release|Any CPU
	EndGlobalSection
	GlobalSection(ProjectConfigurationPlatforms) = postSolution
		{3918FAA4-A933-467A-A4CC-F0CF6B66B0BB}.Debug|Any CPU.ActiveCfg = Debug|Any CPU
		{3918FAA4-A933-467A-A4CC-F0CF6B66B0BB}.Debug|Any CPU.Build.0 = Debug|Any CPU
		{3918FAA4-A933-467A-A4CC-F0CF6B66B0BB}.Release|Any CPU.ActiveCfg = Release|Any CPU
		{3918FAA4-A933-467A-A4CC-F0CF6B66B0BB}.Release|Any CPU.Build.0 = Release|Any CPU
	EndGlobalSection
EndGlobal
